
Microsoft Visual Studio Solution File, Format Version 12.00
# Visual Studio Version 17
VisualStudioVersion = 17.9.34622.214
MinimumVisualStudioVersion = 10.0.40219.1
Project("{FAE04EC0-301F-11D3-BF4B-00C04F79EFBC}") = "LeVCarStore", "LeVCarStore\LeVCarStore.csproj", "{B126C4AD-C45A-496C-9887-74B361920289}"
EndProject
Global
	GlobalSection(SolutionConfigurationPlatforms) = preSolution
		Debug|Any CPU = Debug|Any CPU
		Release|Any CPU = Release|Any CPU
	EndGlobalSection
	GlobalSection(ProjectConfigurationPlatforms) = postSolution
		{B126C4AD-C45A-496C-9887-74B361920289}.Debug|Any CPU.ActiveCfg = Debug|Any CPU
		{B126C4AD-C45A-496C-9887-74B361920289}.Debug|Any CPU.Build.0 = Debug|Any CPU
		{B126C4AD-C45A-496C-9887-74B361920289}.Release|Any CPU.ActiveCfg = Release|Any CPU
		{B126C4AD-C45A-496C-9887-74B361920289}.Release|Any CPU.Build.0 = Release|Any CPU
	EndGlobalSection
	GlobalSection(SolutionProperties) = preSolution
		HideSolutionNode = FALSE
	EndGlobalSection
	GlobalSection(ExtensibilityGlobals) = postSolution
		SolutionGuid = {EEAFAA50-8EAC-499D-BB2F-EAC293928C20}
	EndGlobalSection
EndGlobal
